
Microsoft Visual Studio Solution File, Format Version 12.00
# Visual Studio Version 16
VisualStudioVersion = 16.0.31019.35
MinimumVisualStudioVersion = 10.0.40219.1
Project("{FAE04EC0-301F-11D3-BF4B-00C04F79EFBC}") = "ConsoleApp1", "ConsoleApp1\ConsoleApp1.csproj", "{D415374A-D17D-49CC-8726-CC62DA4970B4}"
EndProject
Global
	GlobalSection(SolutionConfigurationPlatforms) = preSolution
		Debug|Any CPU = Debug|Any CPU
		Release|Any CPU = Release|Any CPU
	EndGlobalSection
	GlobalSection(ProjectConfigurationPlatforms) = postSolution
		{D415374A-D17D-49CC-8726-CC62DA4970B4}.Debug|Any CPU.ActiveCfg = Debug|Any CPU
		{D415374A-D17D-49CC-8726-CC62DA4970B4}.Debug|Any CPU.Build.0 = Debug|Any CPU
		{D415374A-D17D-49CC-8726-CC62DA4970B4}.Release|Any CPU.ActiveCfg = Release|Any CPU
		{D415374A-D17D-49CC-8726-CC62DA4970B4}.Release|Any CPU.Build.0 = Release|Any CPU
	EndGlobalSection
	GlobalSection(SolutionProperties) = preSolution
		HideSolutionNode = FALSE
	EndGlobalSection
	GlobalSection(ExtensibilityGlobals) = postSolution
		SolutionGuid = {AB22DFC8-3BBD-4A36-82CF-B9FA2DE67EA3}
	EndGlobalSection
EndGlobal
